
Microsoft Visual Studio Solution File, Format Version 12.00
# Visual Studio Version 16
VisualStudioVersion = 25.0.1706.12
MinimumVisualStudioVersion = 10.0.40219.1
Project("{FAE04EC0-301F-11D3-BF4B-00C04F79EFBC}") = "Splitit", "Splitit.csproj", "{C30C5C68-88EF-4AEC-88F6-FCFFE4EF4A88}"
EndProject
Project("{FAE04EC0-301F-11D3-BF4B-00C04F79EFBC}") = "SplititTests", "..\SplititTests\SplititTests.csproj", "{398D5AF4-F7B0-4E8C-86D4-225104B7AEF2}"
EndProject
Global
	GlobalSection(SolutionConfigurationPlatforms) = preSolution
		Debug|Any CPU = Debug|Any CPU
		Release|Any CPU = Release|Any CPU
	EndGlobalSection
	GlobalSection(ProjectConfigurationPlatforms) = postSolution
		{C30C5C68-88EF-4AEC-88F6-FCFFE4EF4A88}.Debug|Any CPU.ActiveCfg = Debug|Any CPU
		{C30C5C68-88EF-4AEC-88F6-FCFFE4EF4A88}.Debug|Any CPU.Build.0 = Debug|Any CPU
		{C30C5C68-88EF-4AEC-88F6-FCFFE4EF4A88}.Release|Any CPU.ActiveCfg = Release|Any CPU
		{C30C5C68-88EF-4AEC-88F6-FCFFE4EF4A88}.Release|Any CPU.Build.0 = Release|Any CPU
		{398D5AF4-F7B0-4E8C-86D4-225104B7AEF2}.Debug|Any CPU.ActiveCfg = Debug|Any CPU
		{398D5AF4-F7B0-4E8C-86D4-225104B7AEF2}.Debug|Any CPU.Build.0 = Debug|Any CPU
		{398D5AF4-F7B0-4E8C-86D4-225104B7AEF2}.Release|Any CPU.ActiveCfg = Release|Any CPU
		{398D5AF4-F7B0-4E8C-86D4-225104B7AEF2}.Release|Any CPU.Build.0 = Release|Any CPU
	EndGlobalSection
	GlobalSection(SolutionProperties) = preSolution
		HideSolutionNode = FALSE
	EndGlobalSection
	GlobalSection(ExtensibilityGlobals) = postSolution
		SolutionGuid = {75412521-1939-4B46-B09B-C2D82F2BD27C}
	EndGlobalSection
EndGlobal
